
Microsoft Visual Studio Solution File, Format Version 12.00
# Visual Studio Version 17
VisualStudioVersion = 17.14.36518.9 d17.14
MinimumVisualStudioVersion = 10.0.40219.1
Project("{888888A0-9F3D-457C-B088-3A5042F75D52}") = "enigma espero q definitiu", "enigma espero q definitiu\enigma espero q definitiu.pyproj", "{16B18E42-3AA4-4103-B2BD-9652E39BF243}"
EndProject
Global
	GlobalSection(SolutionConfigurationPlatforms) = preSolution
		Debug|Any CPU = Debug|Any CPU
		Release|Any CPU = Release|Any CPU
	EndGlobalSection
	GlobalSection(ProjectConfigurationPlatforms) = postSolution
		{16B18E42-3AA4-4103-B2BD-9652E39BF243}.Debug|Any CPU.ActiveCfg = Debug|Any CPU
		{16B18E42-3AA4-4103-B2BD-9652E39BF243}.Release|Any CPU.ActiveCfg = Release|Any CPU
	EndGlobalSection
	GlobalSection(SolutionProperties) = preSolution
		HideSolutionNode = FALSE
	EndGlobalSection
	GlobalSection(ExtensibilityGlobals) = postSolution
		SolutionGuid = {105D53FC-8689-46A3-9279-7029ED147109}
	EndGlobalSection
EndGlobal
